// !$*UTF8*$!
{
	archiveVersion = 1;
	classes = {
	};
	objectVersion = 46;
	objects = {

/* Begin PBXBuildFile section */
		C47418C61CD5533300FD7BB0 /* AppDelegate.swift in Sources */ = {isa = PBXBuildFile; fileRef = C47418C51CD5533300FD7BB0 /* AppDelegate.swift */; };
		C47418C81CD5533300FD7BB0 /* ViewController.swift in Sources */ = {isa = PBXBuildFile; fileRef = C47418C71CD5533300FD7BB0 /* ViewController.swift */; };
		C47418CB1CD5533300FD7BB0 /* Main.storyboard in Resources */ = {isa = PBXBuildFile; fileRef = C47418C91CD5533300FD7BB0 /* Main.storyboard */; };
		C47418CD1CD5533300FD7BB0 /* Assets.xcassets in Resources */ = {isa = PBXBuildFile; fileRef = C47418CC1CD5533300FD7BB0 /* Assets.xcassets */; };
		C47418D01CD5533300FD7BB0 /* LaunchScreen.storyboard in Resources */ = {isa = PBXBuildFile; fileRef = C47418CE1CD5533300FD7BB0 /* LaunchScreen.storyboard */; };
		C48C60751CD60BCB0013EF20 /* CalculatorBrain.swift in Sources */ = {isa = PBXBuildFile; fileRef = C48C60741CD60BCB0013EF20 /* CalculatorBrain.swift */; };
/* End PBXBuildFile section */

/* Begin PBXFileReference section */
		C47418C21CD5533300FD7BB0 /* Calculator.app */ = {isa = PBXFileReference; explicitFileType = wrapper.application; includeInIndex = 0; path = Calculator.app; sourceTree = BUILT_PRODUCTS_DIR; };
		C47418C51CD5533300FD7BB0 /* AppDelegate.swift */ = {isa = PBXFileReference; lastKnownFileType = sourcecode.swift; path = AppDelegate.swift; sourceTree = "<group>"; };
		C47418C71CD5533300FD7BB0 /* ViewController.swift */ = {isa = PBXFileReference; lastKnownFileType = sourcecode.swift; path = ViewController.swift; sourceTree = "<group>"; };
		C47418CA1CD5533300FD7BB0 /* Base */ = {isa = PBXFileReference; lastKnownFileType = file.storyboard; name = Base; path = Base.lproj/Main.storyboard; sourceTree = "<group>"; };
		C47418CC1CD5533300FD7BB0 /* Assets.xcassets */ = {isa = PBXFileReference; lastKnownFileType = folder.assetcatalog; path = Assets.xcassets; sourceTree = "<group>"; };
		C47418CF1CD5533300FD7BB0 /* Base */ = {isa = PBXFileReference; lastKnownFileType = file.storyboard; name = Base; path = Base.lproj/LaunchScreen.storyboard; sourceTree = "<group>"; };
		C47418D11CD5533300FD7BB0 /* Info.plist */ = {isa = PBXFileReference; lastKnownFileType = text.plist.xml; path = Info.plist; sourceTree = "<group>"; };
		C48C60741CD60BCB0013EF20 /* CalculatorBrain.swift */ = {isa = PBXFileReference; fileEncoding = 4; lastKnownFileType = sourcecode.swift; path = CalculatorBrain.swift; sourceTree = "<group>"; };
/* End PBXFileReference section */

/* Begin PBXFrameworksBuildPhase section */
		C47418BF1CD5533300FD7BB0 /* Frameworks */ = {
			isa = PBXFrameworksBuildPhase;
			buildActionMask = 2147483647;
			files = (
			);
			runOnlyForDeploymentPostprocessing = 0;
		};
/* End PBXFrameworksBuildPhase section */

/* Begin PBXGroup section */
		C47418B91CD5533300FD7BB0 = {
			isa = PBXGroup;
			children = (
				C47418C41CD5533300FD7BB0 /* Calculator */,
				C47418C31CD5533300FD7BB0 /* Products */,
			);
			sourceTree = "<group>";
		};
		C47418C31CD5533300FD7BB0 /* Products */ = {
			isa = PBXGroup;
			children = (
				C47418C21CD5533300FD7BB0 /* Calculator.app */,
			);
			name = Products;
			sourceTree = "<group>";
		};
		C47418C41CD5533300FD7BB0 /* Calculator */ = {
			isa = PBXGroup;
			children = (
				C48C60741CD60BCB0013EF20 /* CalculatorBrain.swift */,
				C47418C71CD5533300FD7BB0 /* ViewController.swift */,
				C47418C91CD5533300FD7BB0 /* Main.storyboard */,
				C47418D71CD5536000FD7BB0 /* Supporting Files */,
			);
			path = Calculator;
			sourceTree = "<group>";
		};
		C47418D71CD5536000FD7BB0 /* Supporting Files */ = {
			isa = PBXGroup;
			children = (
				C47418C51CD5533300FD7BB0 /* AppDelegate.swift */,
				C47418CC1CD5533300FD7BB0 /* Assets.xcassets */,
				C47418CE1CD5533300FD7BB0 /* LaunchScreen.storyboard */,
				C47418D11CD5533300FD7BB0 /* Info.plist */,
			);
			name = "Supporting Files";
			sourceTree = "<group>";
		};
/* End PBXGroup section */

/* Begin PBXNativeTarget section */
		C47418C11CD5533300FD7BB0 /* Calculator */ = {
			isa = PBXNativeTarget;
			buildConfigurationList = C47418D41CD5533300FD7BB0 /* Build configuration list for PBXNativeTarget "Calculator" */;
			buildPhases = (
				C47418BE1CD5533300FD7BB0 /* Sources */,
				C47418BF1CD5533300FD7BB0 /* Frameworks */,
				C47418C01CD5533300FD7BB0 /* Resources */,
			);
			buildRules = (
			);
			dependencies = (
			);
			name = Calculator;
			productName = Calculator;
			productReference = C47418C21CD5533300FD7BB0 /* Calculator.app */;
			productType = "com.apple.product-type.application";
		};
/* End PBXNativeTarget section */

/* Begin PBXProject section */
		C47418BA1CD5533300FD7BB0 /* Project object */ = {
			isa = PBXProject;
			attributes = {
				LastSwiftUpdateCheck = 0730;
				LastUpgradeCheck = 0820;
				ORGANIZATIONNAME = "Armand Grillet";
				TargetAttributes = {
					C47418C11CD5533300FD7BB0 = {
						CreatedOnToolsVersion = 7.3;
						DevelopmentTeam = BL4CLL95SL;
						LastSwiftMigration = 0820;
					};
				};
			};
			buildConfigurationList = C47418BD1CD5533300FD7BB0 /* Build configuration list for PBXProject "Calculator" */;
			compatibilityVersion = "Xcode 3.2";
			developmentRegion = English;
			hasScannedForEncodings = 0;
			knownRegions = (
				en,
				Base,
			);
			mainGroup = C47418B91CD5533300FD7BB0;
			productRefGroup = C47418C31CD5533300FD7BB0 /* Products */;
			projectDirPath = "";
			projectRoot = "";
			targets = (
				C47418C11CD5533300FD7BB0 /* Calculator */,
			);
		};
/* End PBXProject section */

/* Begin PBXResourcesBuildPhase section */
		C47418C01CD5533300FD7BB0 /* Resources */ = {
			isa = PBXResourcesBuildPhase;
			buildActionMask = 2147483647;
			files = (
				C47418D01CD5533300FD7BB0 /* LaunchScreen.storyboard in Resources */,
				C47418CD1CD5533300FD7BB0 /* Assets.xcassets in Resources */,
				C47418CB1CD5533300FD7BB0 /* Main.storyboard in Resources */,
			);
			runOnlyForDeploymentPostprocessing = 0;
		};
/* End PBXResourcesBuildPhase section */

/* Begin PBXSourcesBuildPhase section */
		C47418BE1CD5533300FD7BB0 /* Sources */ = {
			isa = PBXSourcesBuildPhase;
			buildActionMask = 2147483647;
			files = (
				C48C60751CD60BCB0013EF20 /* CalculatorBrain.swift in Sources */,
				C47418C81CD5533300FD7BB0 /* ViewController.swift in Sources */,
				C47418C61CD5533300FD7BB0 /* AppDelegate.swift in Sources */,
			);
			runOnlyForDeploymentPostprocessing = 0;
		};
/* End PBXSourcesBuildPhase section */

/* Begin PBXVariantGroup section */
		C47418C91CD5533300FD7BB0 /* Main.storyboard */ = {
			isa = PBXVariantGroup;
			children = (
				C47418CA1CD5533300FD7BB0 /* Base */,
			);
			name = Main.storyboard;
			sourceTree = "<group>";
		};
		C47418CE1CD5533300FD7BB0 /* LaunchScreen.storyboard */ = {
			isa = PBXVariantGroup;
			children = (
				C47418CF1CD5533300FD7BB0 /* Base */,
			);
			name = LaunchScreen.storyboard;
			sourceTree = "<group>";
		};
/* End PBXVariantGroup section */

/* Begin XCBuildConfiguration section */
		C47418D21CD5533300FD7BB0 /* Debug */ = {
			isa = XCBuildConfiguration;
			buildSettings = {
				ALWAYS_SEARCH_USER_PATHS = NO;
				CLANG_ANALYZER_NONNULL = YES;
				CLANG_CXX_LANGUAGE_STANDARD = "gnu++0x";
				CLANG_CXX_LIBRARY = "libc++";
				CLANG_ENABLE_MODULES = YES;
				CLANG_ENABLE_OBJC_ARC = YES;
				CLANG_WARN_BOOL_CONVERSION = YES;
				CLANG_WARN_CONSTANT_CONVERSION = YES;
				CLANG_WARN_DIRECT_OBJC_ISA_USAGE = YES_ERROR;
				CLANG_WARN_EMPTY_BODY = YES;
				CLANG_WARN_ENUM_CONVERSION = YES;
				CLANG_WARN_INFINITE_RECURSION = YES;
				CLANG_WARN_INT_CONVERSION = YES;
				CLANG_WARN_OBJC_ROOT_CLASS = YES_ERROR;
				CLANG_WARN_SUSPICIOUS_MOVE = YES;
				CLANG_WARN_UNREACHABLE_CODE = YES;
				CLANG_WARN__DUPLICATE_METHOD_MATCH = YES;
				"CODE_SIGN_IDENTITY[sdk=iphoneos*]" = "iPhone Developer";
				COPY_PHASE_STRIP = NO;
				DEBUG_INFORMATION_FORMAT = dwarf;
				ENABLE_STRICT_OBJC_MSGSEND = YES;
				ENABLE_TESTABILITY = YES;
				GCC_C_LANGUAGE_STANDARD = gnu99;
				GCC_DYNAMIC_NO_PIC = NO;
				GCC_NO_COMMON_BLOCKS = YES;
				GCC_OPTIMIZATION_LEVEL = 0;
				GCC_PREPROCESSOR_DEFINITIONS = (
					"DEBUG=1",
					"$(inherited)",
				);
				GCC_WARN_64_TO_32_BIT_CONVERSION = YES;
				GCC_WARN_ABOUT_RETURN_TYPE = YES_ERROR;
				GCC_WARN_UNDECLARED_SELECTOR = YES;
				GCC_WARN_UNINITIALIZED_AUTOS = YES_AGGRESSIVE;
				GCC_WARN_UNUSED_FUNCTION = YES;
				GCC_WARN_UNUSED_VARIABLE = YES;
				IPHONEOS_DEPLOYMENT_TARGET = 9.3;
				MTL_ENABLE_DEBUG_INFO = YES;
				ONLY_ACTIVE_ARCH = YES;
				SDKROOT = iphoneos;
				SWIFT_OPTIMIZATION_LEVEL = "-Onone";
				TARGETED_DEVICE_FAMILY = "1,2";
			};
			name = Debug;
		};
		C47418D31CD5533300FD7BB0 /* Release */ = {
			isa = XCBuildConfiguration;
			buildSettings = {
				ALWAYS_SEARCH_USER_PATHS = NO;
				CLANG_ANALYZER_NONNULL = YES;
				CLANG_CXX_LANGUAGE_STANDARD = "gnu++0x";
				CLANG_CXX_LIBRARY = "libc++";
				CLANG_ENABLE_MODULES = YES;
				CLANG_ENABLE_OBJC_ARC = YES;
				CLANG_WARN_BOOL_CONVERSION = YES;
				CLANG_WARN_CONSTANT_CONVERSION = YES;
				CLANG_WARN_DIRECT_OBJC_ISA_USAGE = YES_ERROR;
				CLANG_WARN_EMPTY_BODY = YES;
				CLANG_WARN_ENUM_CONVERSION = YES;
				CLANG_WARN_INFINITE_RECURSION = YES;
				CLANG_WARN_INT_CONVERSION = YES;
				CLANG_WARN_OBJC_ROOT_CLASS = YES_ERROR;
				CLANG_WARN_SUSPICIOUS_MOVE = YES;
				CLANG_WARN_UNREACHABLE_CODE = YES;
				CLANG_WARN__DUPLICATE_METHOD_MATCH = YES;
				"CODE_SIGN_IDENTITY[sdk=iphoneos*]" = "iPhone Developer";
				COPY_PHASE_STRIP = NO;
				DEBUG_INFORMATION_FORMAT = "dwarf-with-dsym";
				ENABLE_NS_ASSERTIONS = NO;
				ENABLE_STRICT_OBJC_MSGSEND = YES;
				GCC_C_LANGUAGE_STANDARD = gnu99;
				GCC_NO_COMMON_BLOCKS = YES;
				GCC_WARN_64_TO_32_BIT_CONVERSION = YES;
				GCC_WARN_ABOUT_RETURN_TYPE = YES_ERROR;
				GCC_WARN_UNDECLARED_SELECTOR = YES;
				GCC_WARN_UNINITIALIZED_AUTOS = YES_AGGRESSIVE;
				GCC_WARN_UNUSED_FUNCTION = YES;
				GCC_WARN_UNUSED_VARIABLE = YES;
				IPHONEOS_DEPLOYMENT_TARGET = 9.3;
				MTL_ENABLE_DEBUG_INFO = NO;
				SDKROOT = iphoneos;
				SWIFT_OPTIMIZATION_LEVEL = "-Owholemodule";
				TARGETED_DEVICE_FAMILY = "1,2";
				VALIDATE_PRODUCT = YES;
			};
			name = Release;
		};
		C47418D51CD5533300FD7BB0 /* Debug */ = {
			isa = XCBuildConfiguration;
			buildSettings = {
				ASSETCATALOG_COMPILER_APPICON_NAME = AppIcon;
				CODE_SIGN_IDENTITY = "iPhone Developer";
				INFOPLIST_FILE = Calculator/Info.plist;
				LD_RUNPATH_SEARCH_PATHS = "$(inherited) @executable_path/Frameworks";
				PRODUCT_BUNDLE_IDENTIFIER = armandgrillet.Calculator;
				PRODUCT_NAME = "$(TARGET_NAME)";
				SWIFT_VERSION = 3.0;
			};
			name = Debug;
		};
		C47418D61CD5533300FD7BB0 /* Release */ = {
			isa = XCBuildConfiguration;
			buildSettings = {
				ASSETCATALOG_COMPILER_APPICON_NAME = AppIcon;
				CODE_SIGN_IDENTITY = "iPhone Developer";
				INFOPLIST_FILE = Calculator/Info.plist;
				LD_RUNPATH_SEARCH_PATHS = "$(inherited) @executable_path/Frameworks";
				PRODUCT_BUNDLE_IDENTIFIER = armandgrillet.Calculator;
				PRODUCT_NAME = "$(TARGET_NAME)";
				SWIFT_VERSION = 3.0;
			};
			name = Release;
		};
/* End XCBuildConfiguration section */

/* Begin XCConfigurationList section */
		C47418BD1CD5533300FD7BB0 /* Build configuration list for PBXProject "Calculator" */ = {
			isa = XCConfigurationList;
			buildConfigurations = (
				C47418D21CD5533300FD7BB0 /* Debug */,
				C47418D31CD5533300FD7BB0 /* Release */,
			);
			defaultConfigurationIsVisible = 0;
			defaultConfigurationName = Release;
		};
		C47418D41CD5533300FD7BB0 /* Build configuration list for PBXNativeTarget "Calculator" */ = {
			isa = XCConfigurationList;
			buildConfigurations = (
				C47418D51CD5533300FD7BB0 /* Debug */,
				C47418D61CD5533300FD7BB0 /* Release */,
			);
			defaultConfigurationIsVisible = 0;
			defaultConfigurationName = Release;
		};
/* End XCConfigurationList section */
	};
	rootObject = C47418BA1CD5533300FD7BB0 /* Project object */;
}
